
Microsoft Visual Studio Solution File, Format Version 12.00
# Visual Studio Version 17
VisualStudioVersion = 17.4.33213.308
MinimumVisualStudioVersion = 10.0.40219.1
Project("{FAE04EC0-301F-11D3-BF4B-00C04F79EFBC}") = "OdataAPI", "OdataAPI\OdataAPI.csproj", "{8124D876-4265-40D5-B0E3-6D80185B958D}"
EndProject
Project("{FAE04EC0-301F-11D3-BF4B-00C04F79EFBC}") = "OdataData", "OdataData\OdataData.csproj", "{67C439F3-5764-4C5E-9A89-1EA0DC8149CB}"
EndProject
Project("{FAE04EC0-301F-11D3-BF4B-00C04F79EFBC}") = "OdataService", "OdataService\OdataService.csproj", "{155AAD31-5B9D-45E8-AD97-A32ABC544E47}"
EndProject
Global
	GlobalSection(SolutionConfigurationPlatforms) = preSolution
		Debug|Any CPU = Debug|Any CPU
		Release|Any CPU = Release|Any CPU
	EndGlobalSection
	GlobalSection(ProjectConfigurationPlatforms) = postSolution
		{8124D876-4265-40D5-B0E3-6D80185B958D}.Debug|Any CPU.ActiveCfg = Debug|Any CPU
		{8124D876-4265-40D5-B0E3-6D80185B958D}.Debug|Any CPU.Build.0 = Debug|Any CPU
		{8124D876-4265-40D5-B0E3-6D80185B958D}.Release|Any CPU.ActiveCfg = Release|Any CPU
		{8124D876-4265-40D5-B0E3-6D80185B958D}.Release|Any CPU.Build.0 = Release|Any CPU
		{67C439F3-5764-4C5E-9A89-1EA0DC8149CB}.Debug|Any CPU.ActiveCfg = Debug|Any CPU
		{67C439F3-5764-4C5E-9A89-1EA0DC8149CB}.Debug|Any CPU.Build.0 = Debug|Any CPU
		{67C439F3-5764-4C5E-9A89-1EA0DC8149CB}.Release|Any CPU.ActiveCfg = Release|Any CPU
		{67C439F3-5764-4C5E-9A89-1EA0DC8149CB}.Release|Any CPU.Build.0 = Release|Any CPU
		{155AAD31-5B9D-45E8-AD97-A32ABC544E47}.Debug|Any CPU.ActiveCfg = Debug|Any CPU
		{155AAD31-5B9D-45E8-AD97-A32ABC544E47}.Debug|Any CPU.Build.0 = Debug|Any CPU
		{155AAD31-5B9D-45E8-AD97-A32ABC544E47}.Release|Any CPU.ActiveCfg = Release|Any CPU
		{155AAD31-5B9D-45E8-AD97-A32ABC544E47}.Release|Any CPU.Build.0 = Release|Any CPU
	EndGlobalSection
	GlobalSection(SolutionProperties) = preSolution
		HideSolutionNode = FALSE
	EndGlobalSection
	GlobalSection(ExtensibilityGlobals) = postSolution
		SolutionGuid = {E6D274A6-4EAC-478A-8A36-F48330E0EB7B}
	EndGlobalSection
EndGlobal
